
Microsoft Visual Studio Solution File, Format Version 12.00
# Visual Studio Version 16
VisualStudioVersion = 16.0.32901.82
MinimumVisualStudioVersion = 10.0.40219.1
Project("{FAE04EC0-301F-11D3-BF4B-00C04F79EFBC}") = "lab_1", "lab_1\lab_1.csproj", "{7AF5E9F9-9B52-407A-9411-4DDDD5D65959}"
EndProject
Global
	GlobalSection(SolutionConfigurationPlatforms) = preSolution
		Debug|Any CPU = Debug|Any CPU
		Release|Any CPU = Release|Any CPU
	EndGlobalSection
	GlobalSection(ProjectConfigurationPlatforms) = postSolution
		{7AF5E9F9-9B52-407A-9411-4DDDD5D65959}.Debug|Any CPU.ActiveCfg = Debug|Any CPU
		{7AF5E9F9-9B52-407A-9411-4DDDD5D65959}.Debug|Any CPU.Build.0 = Debug|Any CPU
		{7AF5E9F9-9B52-407A-9411-4DDDD5D65959}.Release|Any CPU.ActiveCfg = Release|Any CPU
		{7AF5E9F9-9B52-407A-9411-4DDDD5D65959}.Release|Any CPU.Build.0 = Release|Any CPU
	EndGlobalSection
	GlobalSection(SolutionProperties) = preSolution
		HideSolutionNode = FALSE
	EndGlobalSection
	GlobalSection(ExtensibilityGlobals) = postSolution
		SolutionGuid = {CA8C8239-A1FA-4F2D-B213-25706C6DD7D5}
	EndGlobalSection
EndGlobal
